
Microsoft Visual Studio Solution File, Format Version 12.00
# Visual Studio 2012
Project("{FAE04EC0-301F-11D3-BF4B-00C04F79EFBC}") = "mErrorWrapper", "mErrorWrapper\mErrorWrapper.csproj", "{81C79C6F-EBA3-4001-BD30-5013BD35996F}"
EndProject
Project("{FAE04EC0-301F-11D3-BF4B-00C04F79EFBC}") = "mErrorWrapper.UnitTesting", "mErrorWrapper.UnitTesting\mErrorWrapper.UnitTesting.csproj", "{8DB5EABB-3D3B-46C2-B341-D5D6DA14786D}"
EndProject
Global
	GlobalSection(SolutionConfigurationPlatforms) = preSolution
		Debug|Any CPU = Debug|Any CPU
		Release|Any CPU = Release|Any CPU
	EndGlobalSection
	GlobalSection(ProjectConfigurationPlatforms) = postSolution
		{81C79C6F-EBA3-4001-BD30-5013BD35996F}.Debug|Any CPU.ActiveCfg = Debug|Any CPU
		{81C79C6F-EBA3-4001-BD30-5013BD35996F}.Debug|Any CPU.Build.0 = Debug|Any CPU
		{81C79C6F-EBA3-4001-BD30-5013BD35996F}.Release|Any CPU.ActiveCfg = Release|Any CPU
		{81C79C6F-EBA3-4001-BD30-5013BD35996F}.Release|Any CPU.Build.0 = Release|Any CPU
		{8DB5EABB-3D3B-46C2-B341-D5D6DA14786D}.Debug|Any CPU.ActiveCfg = Debug|Any CPU
		{8DB5EABB-3D3B-46C2-B341-D5D6DA14786D}.Debug|Any CPU.Build.0 = Debug|Any CPU
		{8DB5EABB-3D3B-46C2-B341-D5D6DA14786D}.Release|Any CPU.ActiveCfg = Release|Any CPU
		{8DB5EABB-3D3B-46C2-B341-D5D6DA14786D}.Release|Any CPU.Build.0 = Release|Any CPU
	EndGlobalSection
	GlobalSection(SolutionProperties) = preSolution
		HideSolutionNode = FALSE
	EndGlobalSection
EndGlobal
